{
  "version": 2,
  "dependencies": {
    "net10.0-windows7.0": {
      "trading.brokers": {
        "type": "Project",
        "dependencies": {
          "Trading.Core": "[1.0.0, )"
        }
      },
      "trading.core": {
        "type": "Project"
      },
      "trading.data": {
        "type": "Project",
        "dependencies": {
          "Trading.Core": "[1.0.0, )"
        }
      },
      "trading.engine": {
        "type": "Project",
        "dependencies": {
          "Trading.Brokers": "[1.0.0, )",
          "Trading.Core": "[1.0.0, )",
          "Trading.Data": "[1.0.0, )",
          "Trading.Research": "[1.0.0, )"
        }
      },
      "trading.research": {
        "type": "Project",
        "dependencies": {
          "Trading.Core": "[1.0.0, )"
        }
      }
    }
  }
}